
Microsoft Visual Studio Solution File, Format Version 12.00
# Visual Studio Version 17
VisualStudioVersion = 17.0.32112.339
MinimumVisualStudioVersion = 10.0.40219.1
Project("{FAE04EC0-301F-11D3-BF4B-00C04F79EFBC}") = "Cursos", "Cursos.csproj", "{2FAAD439-D198-40DA-A4BB-ACD105B733E6}"
EndProject
Global
	GlobalSection(SolutionConfigurationPlatforms) = preSolution
		Debug|Any CPU = Debug|Any CPU
		Release|Any CPU = Release|Any CPU
	EndGlobalSection
	GlobalSection(ProjectConfigurationPlatforms) = postSolution
		{2FAAD439-D198-40DA-A4BB-ACD105B733E6}.Debug|Any CPU.ActiveCfg = Debug|Any CPU
		{2FAAD439-D198-40DA-A4BB-ACD105B733E6}.Debug|Any CPU.Build.0 = Debug|Any CPU
		{2FAAD439-D198-40DA-A4BB-ACD105B733E6}.Release|Any CPU.ActiveCfg = Release|Any CPU
		{2FAAD439-D198-40DA-A4BB-ACD105B733E6}.Release|Any CPU.Build.0 = Release|Any CPU
	EndGlobalSection
	GlobalSection(SolutionProperties) = preSolution
		HideSolutionNode = FALSE
	EndGlobalSection
	GlobalSection(ExtensibilityGlobals) = postSolution
		SolutionGuid = {8A732308-3632-49A0-B37B-8102271EE4F1}
	EndGlobalSection
EndGlobal
